
Microsoft Visual Studio Solution File, Format Version 12.00
# Visual Studio Version 16
VisualStudioVersion = 16.0.29609.76
MinimumVisualStudioVersion = 10.0.40219.1
Project("{9A19103F-16F7-4668-BE54-9A1E7A4F7556}") = "email-wrapper", "email-wrapper.csproj", "{F3FF92EB-13AD-4D09-9815-02DEECBC738F}"
EndProject
Project("{FAE04EC0-301F-11D3-BF4B-00C04F79EFBC}") = "email-wrapper.tests", "..\email-wrapper.tests\email-wrapper.tests.csproj", "{E51AF05A-B378-4020-B297-72C67DEA9DF6}"
EndProject
Global
	GlobalSection(SolutionConfigurationPlatforms) = preSolution
		Debug|Any CPU = Debug|Any CPU
		Release|Any CPU = Release|Any CPU
	EndGlobalSection
	GlobalSection(ProjectConfigurationPlatforms) = postSolution
		{F3FF92EB-13AD-4D09-9815-02DEECBC738F}.Debug|Any CPU.ActiveCfg = Debug|Any CPU
		{F3FF92EB-13AD-4D09-9815-02DEECBC738F}.Debug|Any CPU.Build.0 = Debug|Any CPU
		{F3FF92EB-13AD-4D09-9815-02DEECBC738F}.Release|Any CPU.ActiveCfg = Release|Any CPU
		{F3FF92EB-13AD-4D09-9815-02DEECBC738F}.Release|Any CPU.Build.0 = Release|Any CPU
		{E51AF05A-B378-4020-B297-72C67DEA9DF6}.Debug|Any CPU.ActiveCfg = Debug|Any CPU
		{E51AF05A-B378-4020-B297-72C67DEA9DF6}.Debug|Any CPU.Build.0 = Debug|Any CPU
		{E51AF05A-B378-4020-B297-72C67DEA9DF6}.Release|Any CPU.ActiveCfg = Release|Any CPU
		{E51AF05A-B378-4020-B297-72C67DEA9DF6}.Release|Any CPU.Build.0 = Release|Any CPU
	EndGlobalSection
	GlobalSection(SolutionProperties) = preSolution
		HideSolutionNode = FALSE
	EndGlobalSection
	GlobalSection(ExtensibilityGlobals) = postSolution
		SolutionGuid = {6C6FF987-94EF-4390-A190-96701F352F0B}
	EndGlobalSection
EndGlobal
